// !$*UTF8*$!
{
	archiveVersion = 1;
	classes = {
	};
	objectVersion = 50;
	objects = {

/* Begin PBXBuildFile section */
		99E8222E26A7E0EB003AB949 /* AppDelegate.swift in Sources */ = {isa = PBXBuildFile; fileRef = 99E8222D26A7E0EB003AB949 /* AppDelegate.swift */; };
		99E8223026A7E0EB003AB949 /* SceneDelegate.swift in Sources */ = {isa = PBXBuildFile; fileRef = 99E8222F26A7E0EB003AB949 /* SceneDelegate.swift */; };
		99E8223226A7E0EB003AB949 /* ViewController.swift in Sources */ = {isa = PBXBuildFile; fileRef = 99E8223126A7E0EB003AB949 /* ViewController.swift */; };
		99E8223526A7E0EB003AB949 /* Main.storyboard in Resources */ = {isa = PBXBuildFile; fileRef = 99E8223326A7E0EB003AB949 /* Main.storyboard */; };
		99E8223826A7E0EC003AB949 /* NYCApp.xcdatamodeld in Sources */ = {isa = PBXBuildFile; fileRef = 99E8223626A7E0EC003AB949 /* NYCApp.xcdatamodeld */; };
		99E8223A26A7E0F2003AB949 /* Assets.xcassets in Resources */ = {isa = PBXBuildFile; fileRef = 99E8223926A7E0F2003AB949 /* Assets.xcassets */; };
		99E8223D26A7E0F2003AB949 /* LaunchScreen.storyboard in Resources */ = {isa = PBXBuildFile; fileRef = 99E8223B26A7E0F2003AB949 /* LaunchScreen.storyboard */; };
		99E8224526A7E678003AB949 /* homepageViewController.swift in Sources */ = {isa = PBXBuildFile; fileRef = 99E8224426A7E678003AB949 /* homepageViewController.swift */; };
/* End PBXBuildFile section */

/* Begin PBXFileReference section */
		99E8222A26A7E0EB003AB949 /* NYCApp.app */ = {isa = PBXFileReference; explicitFileType = wrapper.application; includeInIndex = 0; path = NYCApp.app; sourceTree = BUILT_PRODUCTS_DIR; };
		99E8222D26A7E0EB003AB949 /* AppDelegate.swift */ = {isa = PBXFileReference; lastKnownFileType = sourcecode.swift; path = AppDelegate.swift; sourceTree = "<group>"; };
		99E8222F26A7E0EB003AB949 /* SceneDelegate.swift */ = {isa = PBXFileReference; lastKnownFileType = sourcecode.swift; path = SceneDelegate.swift; sourceTree = "<group>"; };
		99E8223126A7E0EB003AB949 /* ViewController.swift */ = {isa = PBXFileReference; lastKnownFileType = sourcecode.swift; path = ViewController.swift; sourceTree = "<group>"; };
		99E8223426A7E0EB003AB949 /* Base */ = {isa = PBXFileReference; lastKnownFileType = file.storyboard; name = Base; path = Base.lproj/Main.storyboard; sourceTree = "<group>"; };
		99E8223726A7E0EC003AB949 /* NYCApp.xcdatamodel */ = {isa = PBXFileReference; lastKnownFileType = wrapper.xcdatamodel; path = NYCApp.xcdatamodel; sourceTree = "<group>"; };
		99E8223926A7E0F2003AB949 /* Assets.xcassets */ = {isa = PBXFileReference; lastKnownFileType = folder.assetcatalog; path = Assets.xcassets; sourceTree = "<group>"; };
		99E8223C26A7E0F2003AB949 /* Base */ = {isa = PBXFileReference; lastKnownFileType = file.storyboard; name = Base; path = Base.lproj/LaunchScreen.storyboard; sourceTree = "<group>"; };
		99E8223E26A7E0F2003AB949 /* Info.plist */ = {isa = PBXFileReference; lastKnownFileType = text.plist.xml; path = Info.plist; sourceTree = "<group>"; };
		99E8224426A7E678003AB949 /* homepageViewController.swift */ = {isa = PBXFileReference; lastKnownFileType = sourcecode.swift; path = homepageViewController.swift; sourceTree = "<group>"; };
/* End PBXFileReference section */

/* Begin PBXFrameworksBuildPhase section */
		99E8222726A7E0EB003AB949 /* Frameworks */ = {
			isa = PBXFrameworksBuildPhase;
			buildActionMask = 2147483647;
			files = (
			);
			runOnlyForDeploymentPostprocessing = 0;
		};
/* End PBXFrameworksBuildPhase section */

/* Begin PBXGroup section */
		99E8222126A7E0EB003AB949 = {
			isa = PBXGroup;
			children = (
				99E8222C26A7E0EB003AB949 /* NYCApp */,
				99E8222B26A7E0EB003AB949 /* Products */,
			);
			sourceTree = "<group>";
		};
		99E8222B26A7E0EB003AB949 /* Products */ = {
			isa = PBXGroup;
			children = (
				99E8222A26A7E0EB003AB949 /* NYCApp.app */,
			);
			name = Products;
			sourceTree = "<group>";
		};
		99E8222C26A7E0EB003AB949 /* NYCApp */ = {
			isa = PBXGroup;
			children = (
				99E8222D26A7E0EB003AB949 /* AppDelegate.swift */,
				99E8222F26A7E0EB003AB949 /* SceneDelegate.swift */,
				99E8223126A7E0EB003AB949 /* ViewController.swift */,
				99E8223326A7E0EB003AB949 /* Main.storyboard */,
				99E8224426A7E678003AB949 /* homepageViewController.swift */,
				99E8223926A7E0F2003AB949 /* Assets.xcassets */,
				99E8223B26A7E0F2003AB949 /* LaunchScreen.storyboard */,
				99E8223E26A7E0F2003AB949 /* Info.plist */,
				99E8223626A7E0EC003AB949 /* NYCApp.xcdatamodeld */,
			);
			path = NYCApp;
			sourceTree = "<group>";
		};
/* End PBXGroup section */

/* Begin PBXNativeTarget section */
		99E8222926A7E0EB003AB949 /* NYCApp */ = {
			isa = PBXNativeTarget;
			buildConfigurationList = 99E8224126A7E0F2003AB949 /* Build configuration list for PBXNativeTarget "NYCApp" */;
			buildPhases = (
				99E8222626A7E0EB003AB949 /* Sources */,
				99E8222726A7E0EB003AB949 /* Frameworks */,
				99E8222826A7E0EB003AB949 /* Resources */,
			);
			buildRules = (
			);
			dependencies = (
			);
			name = NYCApp;
			productName = NYCApp;
			productReference = 99E8222A26A7E0EB003AB949 /* NYCApp.app */;
			productType = "com.apple.product-type.application";
		};
/* End PBXNativeTarget section */

/* Begin PBXProject section */
		99E8222226A7E0EB003AB949 /* Project object */ = {
			isa = PBXProject;
			attributes = {
				LastSwiftUpdateCheck = 1250;
				LastUpgradeCheck = 1250;
				TargetAttributes = {
					99E8222926A7E0EB003AB949 = {
						CreatedOnToolsVersion = 12.5.1;
					};
				};
			};
			buildConfigurationList = 99E8222526A7E0EB003AB949 /* Build configuration list for PBXProject "NYCApp" */;
			compatibilityVersion = "Xcode 9.3";
			developmentRegion = en;
			hasScannedForEncodings = 0;
			knownRegions = (
				en,
				Base,
			);
			mainGroup = 99E8222126A7E0EB003AB949;
			productRefGroup = 99E8222B26A7E0EB003AB949 /* Products */;
			projectDirPath = "";
			projectRoot = "";
			targets = (
				99E8222926A7E0EB003AB949 /* NYCApp */,
			);
		};
/* End PBXProject section */

/* Begin PBXResourcesBuildPhase section */
		99E8222826A7E0EB003AB949 /* Resources */ = {
			isa = PBXResourcesBuildPhase;
			buildActionMask = 2147483647;
			files = (
				99E8223D26A7E0F2003AB949 /* LaunchScreen.storyboard in Resources */,
				99E8223A26A7E0F2003AB949 /* Assets.xcassets in Resources */,
				99E8223526A7E0EB003AB949 /* Main.storyboard in Resources */,
			);
			runOnlyForDeploymentPostprocessing = 0;
		};
/* End PBXResourcesBuildPhase section */

/* Begin PBXSourcesBuildPhase section */
		99E8222626A7E0EB003AB949 /* Sources */ = {
			isa = PBXSourcesBuildPhase;
			buildActionMask = 2147483647;
			files = (
				99E8223226A7E0EB003AB949 /* ViewController.swift in Sources */,
				99E8222E26A7E0EB003AB949 /* AppDelegate.swift in Sources */,
				99E8224526A7E678003AB949 /* homepageViewController.swift in Sources */,
				99E8223826A7E0EC003AB949 /* NYCApp.xcdatamodeld in Sources */,
				99E8223026A7E0EB003AB949 /* SceneDelegate.swift in Sources */,
			);
			runOnlyForDeploymentPostprocessing = 0;
		};
/* End PBXSourcesBuildPhase section */

/* Begin PBXVariantGroup section */
		99E8223326A7E0EB003AB949 /* Main.storyboard */ = {
			isa = PBXVariantGroup;
			children = (
				99E8223426A7E0EB003AB949 /* Base */,
			);
			name = Main.storyboard;
			sourceTree = "<group>";
		};
		99E8223B26A7E0F2003AB949 /* LaunchScreen.storyboard */ = {
			isa = PBXVariantGroup;
			children = (
				99E8223C26A7E0F2003AB949 /* Base */,
			);
			name = LaunchScreen.storyboard;
			sourceTree = "<group>";
		};
/* End PBXVariantGroup section */

/* Begin XCBuildConfiguration section */
		99E8223F26A7E0F2003AB949 /* Debug */ = {
			isa = XCBuildConfiguration;
			buildSettings = {
				ALWAYS_SEARCH_USER_PATHS = NO;
				CLANG_ANALYZER_NONNULL = YES;
				CLANG_ANALYZER_NUMBER_OBJECT_CONVERSION = YES_AGGRESSIVE;
				CLANG_CXX_LANGUAGE_STANDARD = "gnu++14";
				CLANG_CXX_LIBRARY = "libc++";
				CLANG_ENABLE_MODULES = YES;
				CLANG_ENABLE_OBJC_ARC = YES;
				CLANG_ENABLE_OBJC_WEAK = YES;
				CLANG_WARN_BLOCK_CAPTURE_AUTORELEASING = YES;
				CLANG_WARN_BOOL_CONVERSION = YES;
				CLANG_WARN_COMMA = YES;
				CLANG_WARN_CONSTANT_CONVERSION = YES;
				CLANG_WARN_DEPRECATED_OBJC_IMPLEMENTATIONS = YES;
				CLANG_WARN_DIRECT_OBJC_ISA_USAGE = YES_ERROR;
				CLANG_WARN_DOCUMENTATION_COMMENTS = YES;
				CLANG_WARN_EMPTY_BODY = YES;
				CLANG_WARN_ENUM_CONVERSION = YES;
				CLANG_WARN_INFINITE_RECURSION = YES;
				CLANG_WARN_INT_CONVERSION = YES;
				CLANG_WARN_NON_LITERAL_NULL_CONVERSION = YES;
				CLANG_WARN_OBJC_IMPLICIT_RETAIN_SELF = YES;
				CLANG_WARN_OBJC_LITERAL_CONVERSION = YES;
				CLANG_WARN_OBJC_ROOT_CLASS = YES_ERROR;
				CLANG_WARN_QUOTED_INCLUDE_IN_FRAMEWORK_HEADER = YES;
				CLANG_WARN_RANGE_LOOP_ANALYSIS = YES;
				CLANG_WARN_STRICT_PROTOTYPES = YES;
				CLANG_WARN_SUSPICIOUS_MOVE = YES;
				CLANG_WARN_UNGUARDED_AVAILABILITY = YES_AGGRESSIVE;
				CLANG_WARN_UNREACHABLE_CODE = YES;
				CLANG_WARN__DUPLICATE_METHOD_MATCH = YES;
				COPY_PHASE_STRIP = NO;
				DEBUG_INFORMATION_FORMAT = dwarf;
				ENABLE_STRICT_OBJC_MSGSEND = YES;
				ENABLE_TESTABILITY = YES;
				GCC_C_LANGUAGE_STANDARD = gnu11;
				GCC_DYNAMIC_NO_PIC = NO;
				GCC_NO_COMMON_BLOCKS = YES;
				GCC_OPTIMIZATION_LEVEL = 0;
				GCC_PREPROCESSOR_DEFINITIONS = (
					"DEBUG=1",
					"$(inherited)",
				);
				GCC_WARN_64_TO_32_BIT_CONVERSION = YES;
				GCC_WARN_ABOUT_RETURN_TYPE = YES_ERROR;
				GCC_WARN_UNDECLARED_SELECTOR = YES;
				GCC_WARN_UNINITIALIZED_AUTOS = YES_AGGRESSIVE;
				GCC_WARN_UNUSED_FUNCTION = YES;
				GCC_WARN_UNUSED_VARIABLE = YES;
				IPHONEOS_DEPLOYMENT_TARGET = 14.5;
				MTL_ENABLE_DEBUG_INFO = INCLUDE_SOURCE;
				MTL_FAST_MATH = YES;
				ONLY_ACTIVE_ARCH = YES;
				SDKROOT = iphoneos;
				SWIFT_ACTIVE_COMPILATION_CONDITIONS = DEBUG;
				SWIFT_OPTIMIZATION_LEVEL = "-Onone";
			};
			name = Debug;
		};
		99E8224026A7E0F2003AB949 /* Release */ = {
			isa = XCBuildConfiguration;
			buildSettings = {
				ALWAYS_SEARCH_USER_PATHS = NO;
				CLANG_ANALYZER_NONNULL = YES;
				CLANG_ANALYZER_NUMBER_OBJECT_CONVERSION = YES_AGGRESSIVE;
				CLANG_CXX_LANGUAGE_STANDARD = "gnu++14";
				CLANG_CXX_LIBRARY = "libc++";
				CLANG_ENABLE_MODULES = YES;
				CLANG_ENABLE_OBJC_ARC = YES;
				CLANG_ENABLE_OBJC_WEAK = YES;
				CLANG_WARN_BLOCK_CAPTURE_AUTORELEASING = YES;
				CLANG_WARN_BOOL_CONVERSION = YES;
				CLANG_WARN_COMMA = YES;
				CLANG_WARN_CONSTANT_CONVERSION = YES;
				CLANG_WARN_DEPRECATED_OBJC_IMPLEMENTATIONS = YES;
				CLANG_WARN_DIRECT_OBJC_ISA_USAGE = YES_ERROR;
				CLANG_WARN_DOCUMENTATION_COMMENTS = YES;
				CLANG_WARN_EMPTY_BODY = YES;
				CLANG_WARN_ENUM_CONVERSION = YES;
				CLANG_WARN_INFINITE_RECURSION = YES;
				CLANG_WARN_INT_CONVERSION = YES;
				CLANG_WARN_NON_LITERAL_NULL_CONVERSION = YES;
				CLANG_WARN_OBJC_IMPLICIT_RETAIN_SELF = YES;
				CLANG_WARN_OBJC_LITERAL_CONVERSION = YES;
				CLANG_WARN_OBJC_ROOT_CLASS = YES_ERROR;
				CLANG_WARN_QUOTED_INCLUDE_IN_FRAMEWORK_HEADER = YES;
				CLANG_WARN_RANGE_LOOP_ANALYSIS = YES;
				CLANG_WARN_STRICT_PROTOTYPES = YES;
				CLANG_WARN_SUSPICIOUS_MOVE = YES;
				CLANG_WARN_UNGUARDED_AVAILABILITY = YES_AGGRESSIVE;
				CLANG_WARN_UNREACHABLE_CODE = YES;
				CLANG_WARN__DUPLICATE_METHOD_MATCH = YES;
				COPY_PHASE_STRIP = NO;
				DEBUG_INFORMATION_FORMAT = "dwarf-with-dsym";
				ENABLE_NS_ASSERTIONS = NO;
				ENABLE_STRICT_OBJC_MSGSEND = YES;
				GCC_C_LANGUAGE_STANDARD = gnu11;
				GCC_NO_COMMON_BLOCKS = YES;
				GCC_WARN_64_TO_32_BIT_CONVERSION = YES;
				GCC_WARN_ABOUT_RETURN_TYPE = YES_ERROR;
				GCC_WARN_UNDECLARED_SELECTOR = YES;
				GCC_WARN_UNINITIALIZED_AUTOS = YES_AGGRESSIVE;
				GCC_WARN_UNUSED_FUNCTION = YES;
				GCC_WARN_UNUSED_VARIABLE = YES;
				IPHONEOS_DEPLOYMENT_TARGET = 14.5;
				MTL_ENABLE_DEBUG_INFO = NO;
				MTL_FAST_MATH = YES;
				SDKROOT = iphoneos;
				SWIFT_COMPILATION_MODE = wholemodule;
				SWIFT_OPTIMIZATION_LEVEL = "-O";
				VALIDATE_PRODUCT = YES;
			};
			name = Release;
		};
		99E8224226A7E0F2003AB949 /* Debug */ = {
			isa = XCBuildConfiguration;
			buildSettings = {
				ASSETCATALOG_COMPILER_APPICON_NAME = AppIcon;
				ASSETCATALOG_COMPILER_GLOBAL_ACCENT_COLOR_NAME = AccentColor;
				CODE_SIGN_STYLE = Automatic;
				INFOPLIST_FILE = NYCApp/Info.plist;
				LD_RUNPATH_SEARCH_PATHS = (
					"$(inherited)",
					"@executable_path/Frameworks",
				);
				PRODUCT_BUNDLE_IDENTIFIER = "Antoinette-Marie-Torres.NYCApp";
				PRODUCT_NAME = "$(TARGET_NAME)";
				SWIFT_VERSION = 5.0;
				TARGETED_DEVICE_FAMILY = "1,2";
			};
			name = Debug;
		};
		99E8224326A7E0F2003AB949 /* Release */ = {
			isa = XCBuildConfiguration;
			buildSettings = {
				ASSETCATALOG_COMPILER_APPICON_NAME = AppIcon;
				ASSETCATALOG_COMPILER_GLOBAL_ACCENT_COLOR_NAME = AccentColor;
				CODE_SIGN_STYLE = Automatic;
				INFOPLIST_FILE = NYCApp/Info.plist;
				LD_RUNPATH_SEARCH_PATHS = (
					"$(inherited)",
					"@executable_path/Frameworks",
				);
				PRODUCT_BUNDLE_IDENTIFIER = "Antoinette-Marie-Torres.NYCApp";
				PRODUCT_NAME = "$(TARGET_NAME)";
				SWIFT_VERSION = 5.0;
				TARGETED_DEVICE_FAMILY = "1,2";
			};
			name = Release;
		};
/* End XCBuildConfiguration section */

/* Begin XCConfigurationList section */
		99E8222526A7E0EB003AB949 /* Build configuration list for PBXProject "NYCApp" */ = {
			isa = XCConfigurationList;
			buildConfigurations = (
				99E8223F26A7E0F2003AB949 /* Debug */,
				99E8224026A7E0F2003AB949 /* Release */,
			);
			defaultConfigurationIsVisible = 0;
			defaultConfigurationName = Release;
		};
		99E8224126A7E0F2003AB949 /* Build configuration list for PBXNativeTarget "NYCApp" */ = {
			isa = XCConfigurationList;
			buildConfigurations = (
				99E8224226A7E0F2003AB949 /* Debug */,
				99E8224326A7E0F2003AB949 /* Release */,
			);
			defaultConfigurationIsVisible = 0;
			defaultConfigurationName = Release;
		};
/* End XCConfigurationList section */

/* Begin XCVersionGroup section */
		99E8223626A7E0EC003AB949 /* NYCApp.xcdatamodeld */ = {
			isa = XCVersionGroup;
			children = (
				99E8223726A7E0EC003AB949 /* NYCApp.xcdatamodel */,
			);
			currentVersion = 99E8223726A7E0EC003AB949 /* NYCApp.xcdatamodel */;
			path = NYCApp.xcdatamodeld;
			sourceTree = "<group>";
			versionGroupType = wrapper.xcdatamodel;
		};
/* End XCVersionGroup section */
	};
	rootObject = 99E8222226A7E0EB003AB949 /* Project object */;
}
